// !$*UTF8*$!
{
	archiveVersion = 1;
	classes = {
	};
	objectVersion = 56;
	objects = {

/* Begin PBXBuildFile section */
		9311BC5029A4FCD10096EF2F /* UltimatePortfolioApp.swift in Sources */ = {isa = PBXBuildFile; fileRef = 9311BC4F29A4FCD10096EF2F /* UltimatePortfolioApp.swift */; };
		9311BC5229A4FCD10096EF2F /* ContentView.swift in Sources */ = {isa = PBXBuildFile; fileRef = 9311BC5129A4FCD10096EF2F /* ContentView.swift */; };
		9311BC5429A4FCD20096EF2F /* Assets.xcassets in Resources */ = {isa = PBXBuildFile; fileRef = 9311BC5329A4FCD20096EF2F /* Assets.xcassets */; };
		9311BC5829A4FCD20096EF2F /* Preview Assets.xcassets in Resources */ = {isa = PBXBuildFile; fileRef = 9311BC5729A4FCD20096EF2F /* Preview Assets.xcassets */; };
		9311BC6029A4FFD90096EF2F /* Main.xcdatamodeld in Sources */ = {isa = PBXBuildFile; fileRef = 9311BC5E29A4FFD90096EF2F /* Main.xcdatamodeld */; };
		9311BC6229A502900096EF2F /* DataController.swift in Sources */ = {isa = PBXBuildFile; fileRef = 9311BC6129A502900096EF2F /* DataController.swift */; };
		9337734F29A93714000CB10B /* IssueRow.swift in Sources */ = {isa = PBXBuildFile; fileRef = 9337734E29A93714000CB10B /* IssueRow.swift */; };
		9337735129A93D36000CB10B /* IssueView.swift in Sources */ = {isa = PBXBuildFile; fileRef = 9337735029A93D36000CB10B /* IssueView.swift */; };
		9337735329A93D3D000CB10B /* NoIssueView.swift in Sources */ = {isa = PBXBuildFile; fileRef = 9337735229A93D3D000CB10B /* NoIssueView.swift */; };
		9371D4DB29A516C500C8E7E9 /* SidebarView.swift in Sources */ = {isa = PBXBuildFile; fileRef = 9371D4DA29A516C500C8E7E9 /* SidebarView.swift */; };
		9371D4DD29A516CD00C8E7E9 /* DetailView.swift in Sources */ = {isa = PBXBuildFile; fileRef = 9371D4DC29A516CD00C8E7E9 /* DetailView.swift */; };
		9371D4DF29A517A700C8E7E9 /* Filter.swift in Sources */ = {isa = PBXBuildFile; fileRef = 9371D4DE29A517A700C8E7E9 /* Filter.swift */; };
		9371D4E129A52DAA00C8E7E9 /* Issue-CoreDataHelpers.swift in Sources */ = {isa = PBXBuildFile; fileRef = 9371D4E029A52DAA00C8E7E9 /* Issue-CoreDataHelpers.swift */; };
		9371D4E329A52EEF00C8E7E9 /* Tag-CoreDataHelpers.swift in Sources */ = {isa = PBXBuildFile; fileRef = 9371D4E229A52EEF00C8E7E9 /* Tag-CoreDataHelpers.swift */; };
		938D03112A0AAD6000CBFF75 /* Localizable.strings in Resources */ = {isa = PBXBuildFile; fileRef = 938D03132A0AAD6000CBFF75 /* Localizable.strings */; };
		938D03152A0AAE0700CBFF75 /* Localizable.stringsdict in Resources */ = {isa = PBXBuildFile; fileRef = 938D03172A0AAE0700CBFF75 /* Localizable.stringsdict */; };
		938D03192A0AAF0000CBFF75 /* Awards.json in Resources */ = {isa = PBXBuildFile; fileRef = 938D031B2A0AAF0000CBFF75 /* Awards.json */; };
		938D031E2A1E43BB00CBFF75 /* SidebarViewToolbar.swift in Sources */ = {isa = PBXBuildFile; fileRef = 938D031D2A1E43BB00CBFF75 /* SidebarViewToolbar.swift */; };
		938D03202A1E452E00CBFF75 /* IssueViewToolbar.swift in Sources */ = {isa = PBXBuildFile; fileRef = 938D031F2A1E452E00CBFF75 /* IssueViewToolbar.swift */; };
		938D03222A1E45E600CBFF75 /* ContentViewToolbar.swift in Sources */ = {isa = PBXBuildFile; fileRef = 938D03212A1E45E600CBFF75 /* ContentViewToolbar.swift */; };
		938D03242A1E476800CBFF75 /* TagsMenuView.swift in Sources */ = {isa = PBXBuildFile; fileRef = 938D03232A1E476800CBFF75 /* TagsMenuView.swift */; };
		938D03262A1E484D00CBFF75 /* SmartFilterRow.swift in Sources */ = {isa = PBXBuildFile; fileRef = 938D03252A1E484D00CBFF75 /* SmartFilterRow.swift */; };
		938D03282A1E489800CBFF75 /* UserFilterRow.swift in Sources */ = {isa = PBXBuildFile; fileRef = 938D03272A1E489800CBFF75 /* UserFilterRow.swift */; };
		93C8D5DA29E1F060003CDA2B /* Bundle-Decodable.swift in Sources */ = {isa = PBXBuildFile; fileRef = 93C8D5D929E1F060003CDA2B /* Bundle-Decodable.swift */; };
		93C8D5DE29E30A19003CDA2B /* Colors.xcassets in Resources */ = {isa = PBXBuildFile; fileRef = 93C8D5DC29E30A19003CDA2B /* Colors.xcassets */; };
		93C8D5E029E30ABC003CDA2B /* Award.swift in Sources */ = {isa = PBXBuildFile; fileRef = 93C8D5DF29E30ABC003CDA2B /* Award.swift */; };
		93C8D5E229E30B64003CDA2B /* AwardsView.swift in Sources */ = {isa = PBXBuildFile; fileRef = 93C8D5E129E30B64003CDA2B /* AwardsView.swift */; };
/* End PBXBuildFile section */

/* Begin PBXFileReference section */
		9311BC4C29A4FCD10096EF2F /* UltimatePortfolio.app */ = {isa = PBXFileReference; explicitFileType = wrapper.application; includeInIndex = 0; path = UltimatePortfolio.app; sourceTree = BUILT_PRODUCTS_DIR; };
		9311BC4F29A4FCD10096EF2F /* UltimatePortfolioApp.swift */ = {isa = PBXFileReference; lastKnownFileType = sourcecode.swift; path = UltimatePortfolioApp.swift; sourceTree = "<group>"; };
		9311BC5129A4FCD10096EF2F /* ContentView.swift */ = {isa = PBXFileReference; lastKnownFileType = sourcecode.swift; path = ContentView.swift; sourceTree = "<group>"; };
		9311BC5329A4FCD20096EF2F /* Assets.xcassets */ = {isa = PBXFileReference; lastKnownFileType = folder.assetcatalog; path = Assets.xcassets; sourceTree = "<group>"; };
		9311BC5529A4FCD20096EF2F /* UltimatePortfolio.entitlements */ = {isa = PBXFileReference; lastKnownFileType = text.plist.entitlements; path = UltimatePortfolio.entitlements; sourceTree = "<group>"; };
		9311BC5729A4FCD20096EF2F /* Preview Assets.xcassets */ = {isa = PBXFileReference; lastKnownFileType = folder.assetcatalog; path = "Preview Assets.xcassets"; sourceTree = "<group>"; };
		9311BC5F29A4FFD90096EF2F /* Main.xcdatamodel */ = {isa = PBXFileReference; lastKnownFileType = wrapper.xcdatamodel; path = Main.xcdatamodel; sourceTree = "<group>"; };
		9311BC6129A502900096EF2F /* DataController.swift */ = {isa = PBXFileReference; lastKnownFileType = sourcecode.swift; path = DataController.swift; sourceTree = "<group>"; };
		9311BC6329A50A3D0096EF2F /* Info.plist */ = {isa = PBXFileReference; lastKnownFileType = text.plist; path = Info.plist; sourceTree = "<group>"; };
		9337734E29A93714000CB10B /* IssueRow.swift */ = {isa = PBXFileReference; lastKnownFileType = sourcecode.swift; path = IssueRow.swift; sourceTree = "<group>"; };
		9337735029A93D36000CB10B /* IssueView.swift */ = {isa = PBXFileReference; lastKnownFileType = sourcecode.swift; path = IssueView.swift; sourceTree = "<group>"; };
		9337735229A93D3D000CB10B /* NoIssueView.swift */ = {isa = PBXFileReference; lastKnownFileType = sourcecode.swift; path = NoIssueView.swift; sourceTree = "<group>"; };
		9371D4DA29A516C500C8E7E9 /* SidebarView.swift */ = {isa = PBXFileReference; lastKnownFileType = sourcecode.swift; path = SidebarView.swift; sourceTree = "<group>"; };
		9371D4DC29A516CD00C8E7E9 /* DetailView.swift */ = {isa = PBXFileReference; lastKnownFileType = sourcecode.swift; path = DetailView.swift; sourceTree = "<group>"; };
		9371D4DE29A517A700C8E7E9 /* Filter.swift */ = {isa = PBXFileReference; lastKnownFileType = sourcecode.swift; path = Filter.swift; sourceTree = "<group>"; };
		9371D4E029A52DAA00C8E7E9 /* Issue-CoreDataHelpers.swift */ = {isa = PBXFileReference; lastKnownFileType = sourcecode.swift; path = "Issue-CoreDataHelpers.swift"; sourceTree = "<group>"; };
		9371D4E229A52EEF00C8E7E9 /* Tag-CoreDataHelpers.swift */ = {isa = PBXFileReference; lastKnownFileType = sourcecode.swift; path = "Tag-CoreDataHelpers.swift"; sourceTree = "<group>"; };
		938D03122A0AAD6000CBFF75 /* en */ = {isa = PBXFileReference; lastKnownFileType = text.plist.strings; name = en; path = en.lproj/Localizable.strings; sourceTree = "<group>"; };
		938D03142A0AAD8900CBFF75 /* hu */ = {isa = PBXFileReference; lastKnownFileType = text.plist.strings; name = hu; path = hu.lproj/Localizable.strings; sourceTree = "<group>"; };
		938D03162A0AAE0700CBFF75 /* en */ = {isa = PBXFileReference; lastKnownFileType = text.plist.stringsdict; name = en; path = en.lproj/Localizable.stringsdict; sourceTree = "<group>"; };
		938D03182A0AAE0B00CBFF75 /* hu */ = {isa = PBXFileReference; lastKnownFileType = text.plist.stringsdict; name = hu; path = hu.lproj/Localizable.stringsdict; sourceTree = "<group>"; };
		938D031A2A0AAF0000CBFF75 /* en */ = {isa = PBXFileReference; lastKnownFileType = text.json; name = en; path = en.lproj/Awards.json; sourceTree = "<group>"; };
		938D031C2A0AAF0500CBFF75 /* hu */ = {isa = PBXFileReference; lastKnownFileType = text.json; name = hu; path = hu.lproj/Awards.json; sourceTree = "<group>"; };
		938D031D2A1E43BB00CBFF75 /* SidebarViewToolbar.swift */ = {isa = PBXFileReference; lastKnownFileType = sourcecode.swift; path = SidebarViewToolbar.swift; sourceTree = "<group>"; };
		938D031F2A1E452E00CBFF75 /* IssueViewToolbar.swift */ = {isa = PBXFileReference; lastKnownFileType = sourcecode.swift; path = IssueViewToolbar.swift; sourceTree = "<group>"; };
		938D03212A1E45E600CBFF75 /* ContentViewToolbar.swift */ = {isa = PBXFileReference; lastKnownFileType = sourcecode.swift; path = ContentViewToolbar.swift; sourceTree = "<group>"; };
		938D03232A1E476800CBFF75 /* TagsMenuView.swift */ = {isa = PBXFileReference; lastKnownFileType = sourcecode.swift; path = TagsMenuView.swift; sourceTree = "<group>"; };
		938D03252A1E484D00CBFF75 /* SmartFilterRow.swift */ = {isa = PBXFileReference; lastKnownFileType = sourcecode.swift; path = SmartFilterRow.swift; sourceTree = "<group>"; };
		938D03272A1E489800CBFF75 /* UserFilterRow.swift */ = {isa = PBXFileReference; lastKnownFileType = sourcecode.swift; path = UserFilterRow.swift; sourceTree = "<group>"; };
		93C8D5D929E1F060003CDA2B /* Bundle-Decodable.swift */ = {isa = PBXFileReference; lastKnownFileType = sourcecode.swift; path = "Bundle-Decodable.swift"; sourceTree = "<group>"; };
		93C8D5DC29E30A19003CDA2B /* Colors.xcassets */ = {isa = PBXFileReference; lastKnownFileType = folder.assetcatalog; path = Colors.xcassets; sourceTree = "<group>"; };
		93C8D5DF29E30ABC003CDA2B /* Award.swift */ = {isa = PBXFileReference; lastKnownFileType = sourcecode.swift; path = Award.swift; sourceTree = "<group>"; };
		93C8D5E129E30B64003CDA2B /* AwardsView.swift */ = {isa = PBXFileReference; lastKnownFileType = sourcecode.swift; path = AwardsView.swift; sourceTree = "<group>"; };
/* End PBXFileReference section */

/* Begin PBXFrameworksBuildPhase section */
		9311BC4929A4FCD10096EF2F /* Frameworks */ = {
			isa = PBXFrameworksBuildPhase;
			buildActionMask = 2147483647;
			files = (
			);
			runOnlyForDeploymentPostprocessing = 0;
		};
/* End PBXFrameworksBuildPhase section */

/* Begin PBXGroup section */
		9311BC4329A4FCD10096EF2F = {
			isa = PBXGroup;
			children = (
				9311BC4E29A4FCD10096EF2F /* UltimatePortfolio */,
				9311BC4D29A4FCD10096EF2F /* Products */,
			);
			sourceTree = "<group>";
		};
		9311BC4D29A4FCD10096EF2F /* Products */ = {
			isa = PBXGroup;
			children = (
				9311BC4C29A4FCD10096EF2F /* UltimatePortfolio.app */,
			);
			name = Products;
			sourceTree = "<group>";
		};
		9311BC4E29A4FCD10096EF2F /* UltimatePortfolio */ = {
			isa = PBXGroup;
			children = (
				9311BC6329A50A3D0096EF2F /* Info.plist */,
				9311BC4F29A4FCD10096EF2F /* UltimatePortfolioApp.swift */,
				9371D4DE29A517A700C8E7E9 /* Filter.swift */,
				9311BC6129A502900096EF2F /* DataController.swift */,
				9371D4DA29A516C500C8E7E9 /* SidebarView.swift */,
				938D03272A1E489800CBFF75 /* UserFilterRow.swift */,
				938D03252A1E484D00CBFF75 /* SmartFilterRow.swift */,
				938D031D2A1E43BB00CBFF75 /* SidebarViewToolbar.swift */,
				93C8D5D929E1F060003CDA2B /* Bundle-Decodable.swift */,
				9311BC5129A4FCD10096EF2F /* ContentView.swift */,
				938D03212A1E45E600CBFF75 /* ContentViewToolbar.swift */,
				9337734E29A93714000CB10B /* IssueRow.swift */,
				938D03132A0AAD6000CBFF75 /* Localizable.strings */,
				938D03172A0AAE0700CBFF75 /* Localizable.stringsdict */,
				9371D4DC29A516CD00C8E7E9 /* DetailView.swift */,
				9337735029A93D36000CB10B /* IssueView.swift */,
				938D03232A1E476800CBFF75 /* TagsMenuView.swift */,
				938D031F2A1E452E00CBFF75 /* IssueViewToolbar.swift */,
				9337735229A93D3D000CB10B /* NoIssueView.swift */,
				93C8D5DF29E30ABC003CDA2B /* Award.swift */,
				93C8D5E129E30B64003CDA2B /* AwardsView.swift */,
				9371D4E029A52DAA00C8E7E9 /* Issue-CoreDataHelpers.swift */,
				9371D4E229A52EEF00C8E7E9 /* Tag-CoreDataHelpers.swift */,
				9311BC5E29A4FFD90096EF2F /* Main.xcdatamodeld */,
				938D031B2A0AAF0000CBFF75 /* Awards.json */,
				93C8D5DC29E30A19003CDA2B /* Colors.xcassets */,
				9311BC5329A4FCD20096EF2F /* Assets.xcassets */,
				9311BC5529A4FCD20096EF2F /* UltimatePortfolio.entitlements */,
				9311BC5629A4FCD20096EF2F /* Preview Content */,
			);
			path = UltimatePortfolio;
			sourceTree = "<group>";
		};
		9311BC5629A4FCD20096EF2F /* Preview Content */ = {
			isa = PBXGroup;
			children = (
				9311BC5729A4FCD20096EF2F /* Preview Assets.xcassets */,
			);
			path = "Preview Content";
			sourceTree = "<group>";
		};
/* End PBXGroup section */

/* Begin PBXNativeTarget section */
		9311BC4B29A4FCD10096EF2F /* UltimatePortfolio */ = {
			isa = PBXNativeTarget;
			buildConfigurationList = 9311BC5B29A4FCD20096EF2F /* Build configuration list for PBXNativeTarget "UltimatePortfolio" */;
			buildPhases = (
				9311BC4829A4FCD10096EF2F /* Sources */,
				9311BC4929A4FCD10096EF2F /* Frameworks */,
				9311BC4A29A4FCD10096EF2F /* Resources */,
				93EA2DAD2A1E55ED00146358 /* SwiftLint */,
			);
			buildRules = (
			);
			dependencies = (
			);
			name = UltimatePortfolio;
			productName = UltimatePortfolio;
			productReference = 9311BC4C29A4FCD10096EF2F /* UltimatePortfolio.app */;
			productType = "com.apple.product-type.application";
		};
/* End PBXNativeTarget section */

/* Begin PBXProject section */
		9311BC4429A4FCD10096EF2F /* Project object */ = {
			isa = PBXProject;
			attributes = {
				BuildIndependentTargetsInParallel = 1;
				LastSwiftUpdateCheck = 1420;
				LastUpgradeCheck = 1430;
				TargetAttributes = {
					9311BC4B29A4FCD10096EF2F = {
						CreatedOnToolsVersion = 14.2;
					};
				};
			};
			buildConfigurationList = 9311BC4729A4FCD10096EF2F /* Build configuration list for PBXProject "UltimatePortfolio" */;
			compatibilityVersion = "Xcode 14.0";
			developmentRegion = en;
			hasScannedForEncodings = 0;
			knownRegions = (
				en,
				Base,
				hu,
			);
			mainGroup = 9311BC4329A4FCD10096EF2F;
			productRefGroup = 9311BC4D29A4FCD10096EF2F /* Products */;
			projectDirPath = "";
			projectRoot = "";
			targets = (
				9311BC4B29A4FCD10096EF2F /* UltimatePortfolio */,
			);
		};
/* End PBXProject section */

/* Begin PBXResourcesBuildPhase section */
		9311BC4A29A4FCD10096EF2F /* Resources */ = {
			isa = PBXResourcesBuildPhase;
			buildActionMask = 2147483647;
			files = (
				938D03112A0AAD6000CBFF75 /* Localizable.strings in Resources */,
				9311BC5829A4FCD20096EF2F /* Preview Assets.xcassets in Resources */,
				93C8D5DE29E30A19003CDA2B /* Colors.xcassets in Resources */,
				938D03192A0AAF0000CBFF75 /* Awards.json in Resources */,
				9311BC5429A4FCD20096EF2F /* Assets.xcassets in Resources */,
				938D03152A0AAE0700CBFF75 /* Localizable.stringsdict in Resources */,
			);
			runOnlyForDeploymentPostprocessing = 0;
		};
/* End PBXResourcesBuildPhase section */

/* Begin PBXShellScriptBuildPhase section */
		93EA2DAD2A1E55ED00146358 /* SwiftLint */ = {
			isa = PBXShellScriptBuildPhase;
			alwaysOutOfDate = 1;
			buildActionMask = 2147483647;
			files = (
			);
			inputFileListPaths = (
			);
			inputPaths = (
			);
			name = SwiftLint;
			outputFileListPaths = (
			);
			outputPaths = (
			);
			runOnlyForDeploymentPostprocessing = 0;
			shellPath = /bin/sh;
			shellScript = "if [[ \"$(uname -m)\" == arm64 ]]; then\n    export PATH=\"/opt/homebrew/bin:$PATH\"\nfi\n\nif which swiftlint > /dev/null; then\n  swiftlint\nelse\n  echo \"warning: SwiftLint not installed, download from https://github.com/realm/SwiftLint\"\nfi\n";
		};
/* End PBXShellScriptBuildPhase section */

/* Begin PBXSourcesBuildPhase section */
		9311BC4829A4FCD10096EF2F /* Sources */ = {
			isa = PBXSourcesBuildPhase;
			buildActionMask = 2147483647;
			files = (
				9371D4DF29A517A700C8E7E9 /* Filter.swift in Sources */,
				938D03242A1E476800CBFF75 /* TagsMenuView.swift in Sources */,
				93C8D5E029E30ABC003CDA2B /* Award.swift in Sources */,
				938D03202A1E452E00CBFF75 /* IssueViewToolbar.swift in Sources */,
				938D03262A1E484D00CBFF75 /* SmartFilterRow.swift in Sources */,
				93C8D5E229E30B64003CDA2B /* AwardsView.swift in Sources */,
				9371D4E329A52EEF00C8E7E9 /* Tag-CoreDataHelpers.swift in Sources */,
				9311BC6029A4FFD90096EF2F /* Main.xcdatamodeld in Sources */,
				9371D4E129A52DAA00C8E7E9 /* Issue-CoreDataHelpers.swift in Sources */,
				93C8D5DA29E1F060003CDA2B /* Bundle-Decodable.swift in Sources */,
				9371D4DD29A516CD00C8E7E9 /* DetailView.swift in Sources */,
				9311BC6229A502900096EF2F /* DataController.swift in Sources */,
				938D03222A1E45E600CBFF75 /* ContentViewToolbar.swift in Sources */,
				9371D4DB29A516C500C8E7E9 /* SidebarView.swift in Sources */,
				9311BC5229A4FCD10096EF2F /* ContentView.swift in Sources */,
				938D031E2A1E43BB00CBFF75 /* SidebarViewToolbar.swift in Sources */,
				9337735129A93D36000CB10B /* IssueView.swift in Sources */,
				938D03282A1E489800CBFF75 /* UserFilterRow.swift in Sources */,
				9337735329A93D3D000CB10B /* NoIssueView.swift in Sources */,
				9337734F29A93714000CB10B /* IssueRow.swift in Sources */,
				9311BC5029A4FCD10096EF2F /* UltimatePortfolioApp.swift in Sources */,
			);
			runOnlyForDeploymentPostprocessing = 0;
		};
/* End PBXSourcesBuildPhase section */

/* Begin PBXVariantGroup section */
		938D03132A0AAD6000CBFF75 /* Localizable.strings */ = {
			isa = PBXVariantGroup;
			children = (
				938D03122A0AAD6000CBFF75 /* en */,
				938D03142A0AAD8900CBFF75 /* hu */,
			);
			name = Localizable.strings;
			sourceTree = "<group>";
		};
		938D03172A0AAE0700CBFF75 /* Localizable.stringsdict */ = {
			isa = PBXVariantGroup;
			children = (
				938D03162A0AAE0700CBFF75 /* en */,
				938D03182A0AAE0B00CBFF75 /* hu */,
			);
			name = Localizable.stringsdict;
			sourceTree = "<group>";
		};
		938D031B2A0AAF0000CBFF75 /* Awards.json */ = {
			isa = PBXVariantGroup;
			children = (
				938D031A2A0AAF0000CBFF75 /* en */,
				938D031C2A0AAF0500CBFF75 /* hu */,
			);
			name = Awards.json;
			sourceTree = "<group>";
		};
/* End PBXVariantGroup section */

/* Begin XCBuildConfiguration section */
		9311BC5929A4FCD20096EF2F /* Debug */ = {
			isa = XCBuildConfiguration;
			buildSettings = {
				ALWAYS_SEARCH_USER_PATHS = NO;
				CLANG_ANALYZER_NONNULL = YES;
				CLANG_ANALYZER_NUMBER_OBJECT_CONVERSION = YES_AGGRESSIVE;
				CLANG_CXX_LANGUAGE_STANDARD = "gnu++20";
				CLANG_ENABLE_MODULES = YES;
				CLANG_ENABLE_OBJC_ARC = YES;
				CLANG_ENABLE_OBJC_WEAK = YES;
				CLANG_WARN_BLOCK_CAPTURE_AUTORELEASING = YES;
				CLANG_WARN_BOOL_CONVERSION = YES;
				CLANG_WARN_COMMA = YES;
				CLANG_WARN_CONSTANT_CONVERSION = YES;
				CLANG_WARN_DEPRECATED_OBJC_IMPLEMENTATIONS = YES;
				CLANG_WARN_DIRECT_OBJC_ISA_USAGE = YES_ERROR;
				CLANG_WARN_DOCUMENTATION_COMMENTS = YES;
				CLANG_WARN_EMPTY_BODY = YES;
				CLANG_WARN_ENUM_CONVERSION = YES;
				CLANG_WARN_INFINITE_RECURSION = YES;
				CLANG_WARN_INT_CONVERSION = YES;
				CLANG_WARN_NON_LITERAL_NULL_CONVERSION = YES;
				CLANG_WARN_OBJC_IMPLICIT_RETAIN_SELF = YES;
				CLANG_WARN_OBJC_LITERAL_CONVERSION = YES;
				CLANG_WARN_OBJC_ROOT_CLASS = YES_ERROR;
				CLANG_WARN_QUOTED_INCLUDE_IN_FRAMEWORK_HEADER = YES;
				CLANG_WARN_RANGE_LOOP_ANALYSIS = YES;
				CLANG_WARN_STRICT_PROTOTYPES = YES;
				CLANG_WARN_SUSPICIOUS_MOVE = YES;
				CLANG_WARN_UNGUARDED_AVAILABILITY = YES_AGGRESSIVE;
				CLANG_WARN_UNREACHABLE_CODE = YES;
				CLANG_WARN__DUPLICATE_METHOD_MATCH = YES;
				COPY_PHASE_STRIP = NO;
				DEAD_CODE_STRIPPING = YES;
				DEBUG_INFORMATION_FORMAT = dwarf;
				ENABLE_STRICT_OBJC_MSGSEND = YES;
				ENABLE_TESTABILITY = YES;
				GCC_C_LANGUAGE_STANDARD = gnu11;
				GCC_DYNAMIC_NO_PIC = NO;
				GCC_NO_COMMON_BLOCKS = YES;
				GCC_OPTIMIZATION_LEVEL = 0;
				GCC_PREPROCESSOR_DEFINITIONS = (
					"DEBUG=1",
					"$(inherited)",
				);
				GCC_WARN_64_TO_32_BIT_CONVERSION = YES;
				GCC_WARN_ABOUT_RETURN_TYPE = YES_ERROR;
				GCC_WARN_UNDECLARED_SELECTOR = YES;
				GCC_WARN_UNINITIALIZED_AUTOS = YES_AGGRESSIVE;
				GCC_WARN_UNUSED_FUNCTION = YES;
				GCC_WARN_UNUSED_VARIABLE = YES;
				MTL_ENABLE_DEBUG_INFO = INCLUDE_SOURCE;
				MTL_FAST_MATH = YES;
				ONLY_ACTIVE_ARCH = YES;
				SWIFT_ACTIVE_COMPILATION_CONDITIONS = DEBUG;
				SWIFT_OPTIMIZATION_LEVEL = "-Onone";
			};
			name = Debug;
		};
		9311BC5A29A4FCD20096EF2F /* Release */ = {
			isa = XCBuildConfiguration;
			buildSettings = {
				ALWAYS_SEARCH_USER_PATHS = NO;
				CLANG_ANALYZER_NONNULL = YES;
				CLANG_ANALYZER_NUMBER_OBJECT_CONVERSION = YES_AGGRESSIVE;
				CLANG_CXX_LANGUAGE_STANDARD = "gnu++20";
				CLANG_ENABLE_MODULES = YES;
				CLANG_ENABLE_OBJC_ARC = YES;
				CLANG_ENABLE_OBJC_WEAK = YES;
				CLANG_WARN_BLOCK_CAPTURE_AUTORELEASING = YES;
				CLANG_WARN_BOOL_CONVERSION = YES;
				CLANG_WARN_COMMA = YES;
				CLANG_WARN_CONSTANT_CONVERSION = YES;
				CLANG_WARN_DEPRECATED_OBJC_IMPLEMENTATIONS = YES;
				CLANG_WARN_DIRECT_OBJC_ISA_USAGE = YES_ERROR;
				CLANG_WARN_DOCUMENTATION_COMMENTS = YES;
				CLANG_WARN_EMPTY_BODY = YES;
				CLANG_WARN_ENUM_CONVERSION = YES;
				CLANG_WARN_INFINITE_RECURSION = YES;
				CLANG_WARN_INT_CONVERSION = YES;
				CLANG_WARN_NON_LITERAL_NULL_CONVERSION = YES;
				CLANG_WARN_OBJC_IMPLICIT_RETAIN_SELF = YES;
				CLANG_WARN_OBJC_LITERAL_CONVERSION = YES;
				CLANG_WARN_OBJC_ROOT_CLASS = YES_ERROR;
				CLANG_WARN_QUOTED_INCLUDE_IN_FRAMEWORK_HEADER = YES;
				CLANG_WARN_RANGE_LOOP_ANALYSIS = YES;
				CLANG_WARN_STRICT_PROTOTYPES = YES;
				CLANG_WARN_SUSPICIOUS_MOVE = YES;
				CLANG_WARN_UNGUARDED_AVAILABILITY = YES_AGGRESSIVE;
				CLANG_WARN_UNREACHABLE_CODE = YES;
				CLANG_WARN__DUPLICATE_METHOD_MATCH = YES;
				COPY_PHASE_STRIP = NO;
				DEAD_CODE_STRIPPING = YES;
				DEBUG_INFORMATION_FORMAT = "dwarf-with-dsym";
				ENABLE_NS_ASSERTIONS = NO;
				ENABLE_STRICT_OBJC_MSGSEND = YES;
				GCC_C_LANGUAGE_STANDARD = gnu11;
				GCC_NO_COMMON_BLOCKS = YES;
				GCC_WARN_64_TO_32_BIT_CONVERSION = YES;
				GCC_WARN_ABOUT_RETURN_TYPE = YES_ERROR;
				GCC_WARN_UNDECLARED_SELECTOR = YES;
				GCC_WARN_UNINITIALIZED_AUTOS = YES_AGGRESSIVE;
				GCC_WARN_UNUSED_FUNCTION = YES;
				GCC_WARN_UNUSED_VARIABLE = YES;
				MTL_ENABLE_DEBUG_INFO = NO;
				MTL_FAST_MATH = YES;
				SWIFT_COMPILATION_MODE = wholemodule;
				SWIFT_OPTIMIZATION_LEVEL = "-O";
			};
			name = Release;
		};
		9311BC5C29A4FCD20096EF2F /* Debug */ = {
			isa = XCBuildConfiguration;
			buildSettings = {
				ASSETCATALOG_COMPILER_APPICON_NAME = AppIcon;
				ASSETCATALOG_COMPILER_GLOBAL_ACCENT_COLOR_NAME = AccentColor;
				CODE_SIGN_ENTITLEMENTS = UltimatePortfolio/UltimatePortfolio.entitlements;
				CODE_SIGN_IDENTITY = "Apple Development";
				CODE_SIGN_STYLE = Automatic;
				CURRENT_PROJECT_VERSION = 1;
				DEAD_CODE_STRIPPING = YES;
				DEVELOPMENT_ASSET_PATHS = "\"UltimatePortfolio/Preview Content\"";
				DEVELOPMENT_TEAM = 43SS4W48UT;
				ENABLE_HARDENED_RUNTIME = YES;
				ENABLE_PREVIEWS = YES;
				GENERATE_INFOPLIST_FILE = YES;
				INFOPLIST_FILE = UltimatePortfolio/Info.plist;
				"INFOPLIST_KEY_UIApplicationSceneManifest_Generation[sdk=iphoneos*]" = YES;
				"INFOPLIST_KEY_UIApplicationSceneManifest_Generation[sdk=iphonesimulator*]" = YES;
				"INFOPLIST_KEY_UIApplicationSupportsIndirectInputEvents[sdk=iphoneos*]" = YES;
				"INFOPLIST_KEY_UIApplicationSupportsIndirectInputEvents[sdk=iphonesimulator*]" = YES;
				"INFOPLIST_KEY_UILaunchScreen_Generation[sdk=iphoneos*]" = YES;
				"INFOPLIST_KEY_UILaunchScreen_Generation[sdk=iphonesimulator*]" = YES;
				"INFOPLIST_KEY_UIStatusBarStyle[sdk=iphoneos*]" = UIStatusBarStyleDefault;
				"INFOPLIST_KEY_UIStatusBarStyle[sdk=iphonesimulator*]" = UIStatusBarStyleDefault;
				INFOPLIST_KEY_UISupportedInterfaceOrientations_iPad = "UIInterfaceOrientationPortrait UIInterfaceOrientationPortraitUpsideDown UIInterfaceOrientationLandscapeLeft UIInterfaceOrientationLandscapeRight";
				INFOPLIST_KEY_UISupportedInterfaceOrientations_iPhone = "UIInterfaceOrientationPortrait UIInterfaceOrientationLandscapeLeft UIInterfaceOrientationLandscapeRight";
				IPHONEOS_DEPLOYMENT_TARGET = 16.2;
				LD_RUNPATH_SEARCH_PATHS = "@executable_path/Frameworks";
				"LD_RUNPATH_SEARCH_PATHS[sdk=macosx*]" = "@executable_path/../Frameworks";
				MACOSX_DEPLOYMENT_TARGET = 13.1;
				MARKETING_VERSION = 1.0;
				PRODUCT_BUNDLE_IDENTIFIER = com.richardmaycode.UltimatePortfolio;
				PRODUCT_NAME = "$(TARGET_NAME)";
				PROVISIONING_PROFILE_SPECIFIER = "";
				SDKROOT = auto;
				SUPPORTED_PLATFORMS = "iphoneos iphonesimulator macosx";
				SWIFT_EMIT_LOC_STRINGS = YES;
				SWIFT_VERSION = 5.0;
				TARGETED_DEVICE_FAMILY = "1,2";
			};
			name = Debug;
		};
		9311BC5D29A4FCD20096EF2F /* Release */ = {
			isa = XCBuildConfiguration;
			buildSettings = {
				ASSETCATALOG_COMPILER_APPICON_NAME = AppIcon;
				ASSETCATALOG_COMPILER_GLOBAL_ACCENT_COLOR_NAME = AccentColor;
				CODE_SIGN_ENTITLEMENTS = UltimatePortfolio/UltimatePortfolio.entitlements;
				CODE_SIGN_IDENTITY = "Apple Development";
				CODE_SIGN_STYLE = Automatic;
				CURRENT_PROJECT_VERSION = 1;
				DEAD_CODE_STRIPPING = YES;
				DEVELOPMENT_ASSET_PATHS = "\"UltimatePortfolio/Preview Content\"";
				DEVELOPMENT_TEAM = 43SS4W48UT;
				ENABLE_HARDENED_RUNTIME = YES;
				ENABLE_PREVIEWS = YES;
				GENERATE_INFOPLIST_FILE = YES;
				INFOPLIST_FILE = UltimatePortfolio/Info.plist;
				"INFOPLIST_KEY_UIApplicationSceneManifest_Generation[sdk=iphoneos*]" = YES;
				"INFOPLIST_KEY_UIApplicationSceneManifest_Generation[sdk=iphonesimulator*]" = YES;
				"INFOPLIST_KEY_UIApplicationSupportsIndirectInputEvents[sdk=iphoneos*]" = YES;
				"INFOPLIST_KEY_UIApplicationSupportsIndirectInputEvents[sdk=iphonesimulator*]" = YES;
				"INFOPLIST_KEY_UILaunchScreen_Generation[sdk=iphoneos*]" = YES;
				"INFOPLIST_KEY_UILaunchScreen_Generation[sdk=iphonesimulator*]" = YES;
				"INFOPLIST_KEY_UIStatusBarStyle[sdk=iphoneos*]" = UIStatusBarStyleDefault;
				"INFOPLIST_KEY_UIStatusBarStyle[sdk=iphonesimulator*]" = UIStatusBarStyleDefault;
				INFOPLIST_KEY_UISupportedInterfaceOrientations_iPad = "UIInterfaceOrientationPortrait UIInterfaceOrientationPortraitUpsideDown UIInterfaceOrientationLandscapeLeft UIInterfaceOrientationLandscapeRight";
				INFOPLIST_KEY_UISupportedInterfaceOrientations_iPhone = "UIInterfaceOrientationPortrait UIInterfaceOrientationLandscapeLeft UIInterfaceOrientationLandscapeRight";
				IPHONEOS_DEPLOYMENT_TARGET = 16.2;
				LD_RUNPATH_SEARCH_PATHS = "@executable_path/Frameworks";
				"LD_RUNPATH_SEARCH_PATHS[sdk=macosx*]" = "@executable_path/../Frameworks";
				MACOSX_DEPLOYMENT_TARGET = 13.1;
				MARKETING_VERSION = 1.0;
				PRODUCT_BUNDLE_IDENTIFIER = com.richardmaycode.UltimatePortfolio;
				PRODUCT_NAME = "$(TARGET_NAME)";
				PROVISIONING_PROFILE_SPECIFIER = "";
				SDKROOT = auto;
				SUPPORTED_PLATFORMS = "iphoneos iphonesimulator macosx";
				SWIFT_EMIT_LOC_STRINGS = YES;
				SWIFT_VERSION = 5.0;
				TARGETED_DEVICE_FAMILY = "1,2";
			};
			name = Release;
		};
/* End XCBuildConfiguration section */

/* Begin XCConfigurationList section */
		9311BC4729A4FCD10096EF2F /* Build configuration list for PBXProject "UltimatePortfolio" */ = {
			isa = XCConfigurationList;
			buildConfigurations = (
				9311BC5929A4FCD20096EF2F /* Debug */,
				9311BC5A29A4FCD20096EF2F /* Release */,
			);
			defaultConfigurationIsVisible = 0;
			defaultConfigurationName = Release;
		};
		9311BC5B29A4FCD20096EF2F /* Build configuration list for PBXNativeTarget "UltimatePortfolio" */ = {
			isa = XCConfigurationList;
			buildConfigurations = (
				9311BC5C29A4FCD20096EF2F /* Debug */,
				9311BC5D29A4FCD20096EF2F /* Release */,
			);
			defaultConfigurationIsVisible = 0;
			defaultConfigurationName = Release;
		};
/* End XCConfigurationList section */

/* Begin XCVersionGroup section */
		9311BC5E29A4FFD90096EF2F /* Main.xcdatamodeld */ = {
			isa = XCVersionGroup;
			children = (
				9311BC5F29A4FFD90096EF2F /* Main.xcdatamodel */,
			);
			currentVersion = 9311BC5F29A4FFD90096EF2F /* Main.xcdatamodel */;
			path = Main.xcdatamodeld;
			sourceTree = "<group>";
			versionGroupType = wrapper.xcdatamodel;
		};
/* End XCVersionGroup section */
	};
	rootObject = 9311BC4429A4FCD10096EF2F /* Project object */;
}
